
Microsoft Visual Studio Solution File, Format Version 12.00
# Visual Studio Version 16
VisualStudioVersion = 16.0.36631.11
MinimumVisualStudioVersion = 10.0.40219.1
Project("{FAE04EC0-301F-11D3-BF4B-00C04F79EFBC}") = "WpfHello", "WpfHello\WpfHello.csproj", "{32203AE7-C6DC-4CC4-952E-357154DECCBB}"
EndProject
Global
	GlobalSection(SolutionConfigurationPlatforms) = preSolution
		Debug|Any CPU = Debug|Any CPU
		Release|Any CPU = Release|Any CPU
	EndGlobalSection
	GlobalSection(ProjectConfigurationPlatforms) = postSolution
		{32203AE7-C6DC-4CC4-952E-357154DECCBB}.Debug|Any CPU.ActiveCfg = Debug|Any CPU
		{32203AE7-C6DC-4CC4-952E-357154DECCBB}.Debug|Any CPU.Build.0 = Debug|Any CPU
		{32203AE7-C6DC-4CC4-952E-357154DECCBB}.Release|Any CPU.ActiveCfg = Release|Any CPU
		{32203AE7-C6DC-4CC4-952E-357154DECCBB}.Release|Any CPU.Build.0 = Release|Any CPU
	EndGlobalSection
	GlobalSection(SolutionProperties) = preSolution
		HideSolutionNode = FALSE
	EndGlobalSection
	GlobalSection(ExtensibilityGlobals) = postSolution
		SolutionGuid = {4C4D3D8F-4741-4EA7-AE10-A8199246EAEC}
	EndGlobalSection
EndGlobal
